// !$*UTF8*$!
{
	archiveVersion = 1;
	classes = {
	};
	objectVersion = 46;
	objects = {

/* Begin PBXBuildFile section */
		2A484CAB71A60CA016B8A97E /* Pods_JPHACK_APP.framework in Frameworks */ = {isa = PBXBuildFile; fileRef = A69CBA009190E01042709C18 /* Pods_JPHACK_APP.framework */; };
		4A0440671DC43D44007F6C61 /* AppDelegate.swift in Sources */ = {isa = PBXBuildFile; fileRef = 4A0440661DC43D44007F6C61 /* AppDelegate.swift */; };
		4A0440691DC43D44007F6C61 /* CameraViewController.swift in Sources */ = {isa = PBXBuildFile; fileRef = 4A0440681DC43D44007F6C61 /* CameraViewController.swift */; };
		4A04406C1DC43D44007F6C61 /* Main.storyboard in Resources */ = {isa = PBXBuildFile; fileRef = 4A04406A1DC43D44007F6C61 /* Main.storyboard */; };
		4A04406E1DC43D44007F6C61 /* Assets.xcassets in Resources */ = {isa = PBXBuildFile; fileRef = 4A04406D1DC43D44007F6C61 /* Assets.xcassets */; };
		4A0440711DC43D44007F6C61 /* LaunchScreen.storyboard in Resources */ = {isa = PBXBuildFile; fileRef = 4A04406F1DC43D44007F6C61 /* LaunchScreen.storyboard */; };
		4A04407A1DC443F9007F6C61 /* AVFoundation.framework in Frameworks */ = {isa = PBXBuildFile; fileRef = 4A0440791DC443F9007F6C61 /* AVFoundation.framework */; };
		4A04407C1DC454FD007F6C61 /* Photos.framework in Frameworks */ = {isa = PBXBuildFile; fileRef = 4A04407B1DC454FD007F6C61 /* Photos.framework */; };
		4A0440801DC4559C007F6C61 /* PhotoUploadViewController.swift in Sources */ = {isa = PBXBuildFile; fileRef = 4A04407F1DC4559C007F6C61 /* PhotoUploadViewController.swift */; };
		4A5230D01DC542600039D9F1 /* APIKit.framework in Frameworks */ = {isa = PBXBuildFile; fileRef = 4A5230CE1DC541670039D9F1 /* APIKit.framework */; };
		4A5230D21DC567090039D9F1 /* News.swift in Sources */ = {isa = PBXBuildFile; fileRef = 4A5230D11DC567090039D9F1 /* News.swift */; };
		4A5230D51DC57E2A0039D9F1 /* NewsCell.swift in Sources */ = {isa = PBXBuildFile; fileRef = 4A5230D41DC57E2A0039D9F1 /* NewsCell.swift */; };
		4A5230DA1DC58A470039D9F1 /* NewsRequestType.swift in Sources */ = {isa = PBXBuildFile; fileRef = 4A5230D91DC58A470039D9F1 /* NewsRequestType.swift */; };
		4A5230DC1DC58CE20039D9F1 /* WebImage.framework in Frameworks */ = {isa = PBXBuildFile; fileRef = 4A5230DB1DC58CE20039D9F1 /* WebImage.framework */; };
		4A5230DE1DC58CF30039D9F1 /* Result.framework in Frameworks */ = {isa = PBXBuildFile; fileRef = 4A5230DD1DC58CF30039D9F1 /* Result.framework */; };
		4A5230E01DC58DA30039D9F1 /* Himotoki.framework in Frameworks */ = {isa = PBXBuildFile; fileRef = 4A5230DF1DC58DA30039D9F1 /* Himotoki.framework */; };
		4A5230E21DC5A0540039D9F1 /* noimage.jpg in Resources */ = {isa = PBXBuildFile; fileRef = 4A5230E11DC5A0540039D9F1 /* noimage.jpg */; };
		4A5230EF1DC5A4880039D9F1 /* background.jpg in Resources */ = {isa = PBXBuildFile; fileRef = 4A5230E41DC5A4880039D9F1 /* background.jpg */; };
		4A5230F01DC5A4880039D9F1 /* btn_camera.png in Resources */ = {isa = PBXBuildFile; fileRef = 4A5230E51DC5A4880039D9F1 /* btn_camera.png */; };
		4A5230F11DC5A4880039D9F1 /* btn_login.png in Resources */ = {isa = PBXBuildFile; fileRef = 4A5230E61DC5A4880039D9F1 /* btn_login.png */; };
		4A5230F21DC5A4880039D9F1 /* btn_photo.png in Resources */ = {isa = PBXBuildFile; fileRef = 4A5230E71DC5A4880039D9F1 /* btn_photo.png */; };
		4A5230F31DC5A4880039D9F1 /* btn_save.png in Resources */ = {isa = PBXBuildFile; fileRef = 4A5230E81DC5A4880039D9F1 /* btn_save.png */; };
		4A5230F41DC5A4880039D9F1 /* deco_01.png in Resources */ = {isa = PBXBuildFile; fileRef = 4A5230E91DC5A4880039D9F1 /* deco_01.png */; };
		4A5230F51DC5A4880039D9F1 /* deco_02.png in Resources */ = {isa = PBXBuildFile; fileRef = 4A5230EA1DC5A4880039D9F1 /* deco_02.png */; };
		4A5230F61DC5A4880039D9F1 /* deco_03.png in Resources */ = {isa = PBXBuildFile; fileRef = 4A5230EB1DC5A4880039D9F1 /* deco_03.png */; };
		4A5230F71DC5A4880039D9F1 /* jphacks.prproj in Resources */ = {isa = PBXBuildFile; fileRef = 4A5230EC1DC5A4880039D9F1 /* jphacks.prproj */; };
		4A5230F81DC5A4880039D9F1 /* logo_02.png in Resources */ = {isa = PBXBuildFile; fileRef = 4A5230ED1DC5A4880039D9F1 /* logo_02.png */; };
		4A5230F91DC5A4880039D9F1 /* logo_03.png in Resources */ = {isa = PBXBuildFile; fileRef = 4A5230EE1DC5A4880039D9F1 /* logo_03.png */; };
		4A5230FB1DC5AC460039D9F1 /* btn_openlibrary.jpg in Resources */ = {isa = PBXBuildFile; fileRef = 4A5230FA1DC5AC460039D9F1 /* btn_openlibrary.jpg */; };
		4A5230FD1DC5BBB60039D9F1 /* icon.png in Resources */ = {isa = PBXBuildFile; fileRef = 4A5230FC1DC5BBB60039D9F1 /* icon.png */; };
		4A63A4151DC533900018E11C /* NewsTableViewController.swift in Sources */ = {isa = PBXBuildFile; fileRef = 4A63A4141DC533900018E11C /* NewsTableViewController.swift */; };
		4A63A4181DC539610018E11C /* NewsRequest.swift in Sources */ = {isa = PBXBuildFile; fileRef = 4A63A4171DC539610018E11C /* NewsRequest.swift */; };
/* End PBXBuildFile section */

/* Begin PBXFileReference section */
		4A0440631DC43D44007F6C61 /* JPHACK_APP.app */ = {isa = PBXFileReference; explicitFileType = wrapper.application; includeInIndex = 0; path = JPHACK_APP.app; sourceTree = BUILT_PRODUCTS_DIR; };
		4A0440661DC43D44007F6C61 /* AppDelegate.swift */ = {isa = PBXFileReference; lastKnownFileType = sourcecode.swift; path = AppDelegate.swift; sourceTree = "<group>"; };
		4A0440681DC43D44007F6C61 /* CameraViewController.swift */ = {isa = PBXFileReference; lastKnownFileType = sourcecode.swift; path = CameraViewController.swift; sourceTree = "<group>"; };
		4A04406B1DC43D44007F6C61 /* Base */ = {isa = PBXFileReference; lastKnownFileType = file.storyboard; name = Base; path = Base.lproj/Main.storyboard; sourceTree = "<group>"; };
		4A04406D1DC43D44007F6C61 /* Assets.xcassets */ = {isa = PBXFileReference; lastKnownFileType = folder.assetcatalog; path = Assets.xcassets; sourceTree = "<group>"; };
		4A0440701DC43D44007F6C61 /* Base */ = {isa = PBXFileReference; lastKnownFileType = file.storyboard; name = Base; path = Base.lproj/LaunchScreen.storyboard; sourceTree = "<group>"; };
		4A0440721DC43D44007F6C61 /* Info.plist */ = {isa = PBXFileReference; lastKnownFileType = text.plist.xml; path = Info.plist; sourceTree = "<group>"; };
		4A0440791DC443F9007F6C61 /* AVFoundation.framework */ = {isa = PBXFileReference; lastKnownFileType = wrapper.framework; name = AVFoundation.framework; path = System/Library/Frameworks/AVFoundation.framework; sourceTree = SDKROOT; };
		4A04407B1DC454FD007F6C61 /* Photos.framework */ = {isa = PBXFileReference; lastKnownFileType = wrapper.framework; name = Photos.framework; path = System/Library/Frameworks/Photos.framework; sourceTree = SDKROOT; };
		4A04407F1DC4559C007F6C61 /* PhotoUploadViewController.swift */ = {isa = PBXFileReference; fileEncoding = 4; lastKnownFileType = sourcecode.swift; path = PhotoUploadViewController.swift; sourceTree = "<group>"; };
		4A0440921DC48DE1007F6C61 /* Bridging-Header.h */ = {isa = PBXFileReference; lastKnownFileType = sourcecode.c.h; path = "Bridging-Header.h"; sourceTree = "<group>"; };
		4A5230CE1DC541670039D9F1 /* APIKit.framework */ = {isa = PBXFileReference; lastKnownFileType = wrapper.framework; name = APIKit.framework; path = Carthage/Build/iOS/APIKit.framework; sourceTree = "<group>"; };
		4A5230D11DC567090039D9F1 /* News.swift */ = {isa = PBXFileReference; fileEncoding = 4; lastKnownFileType = sourcecode.swift; path = News.swift; sourceTree = "<group>"; };
		4A5230D41DC57E2A0039D9F1 /* NewsCell.swift */ = {isa = PBXFileReference; fileEncoding = 4; lastKnownFileType = sourcecode.swift; path = NewsCell.swift; sourceTree = "<group>"; };
		4A5230D61DC5844A0039D9F1 /* SDWebImage.framework */ = {isa = PBXFileReference; lastKnownFileType = wrapper.framework; name = SDWebImage.framework; path = "Pods/../build/Debug-iphoneos/SDWebImage.framework"; sourceTree = "<group>"; };
		4A5230D91DC58A470039D9F1 /* NewsRequestType.swift */ = {isa = PBXFileReference; fileEncoding = 4; lastKnownFileType = sourcecode.swift; path = NewsRequestType.swift; sourceTree = "<group>"; };
		4A5230DB1DC58CE20039D9F1 /* WebImage.framework */ = {isa = PBXFileReference; lastKnownFileType = wrapper.framework; name = WebImage.framework; path = Carthage/Build/iOS/WebImage.framework; sourceTree = "<group>"; };
		4A5230DD1DC58CF30039D9F1 /* Result.framework */ = {isa = PBXFileReference; lastKnownFileType = wrapper.framework; name = Result.framework; path = Carthage/Build/iOS/Result.framework; sourceTree = "<group>"; };
		4A5230DF1DC58DA30039D9F1 /* Himotoki.framework */ = {isa = PBXFileReference; lastKnownFileType = wrapper.framework; name = Himotoki.framework; path = Carthage/Build/iOS/Himotoki.framework; sourceTree = "<group>"; };
		4A5230E11DC5A0540039D9F1 /* noimage.jpg */ = {isa = PBXFileReference; lastKnownFileType = image.jpeg; name = noimage.jpg; path = ../noimage.jpg; sourceTree = "<group>"; };
		4A5230E41DC5A4880039D9F1 /* background.jpg */ = {isa = PBXFileReference; lastKnownFileType = image.jpeg; path = background.jpg; sourceTree = "<group>"; };
		4A5230E51DC5A4880039D9F1 /* btn_camera.png */ = {isa = PBXFileReference; lastKnownFileType = image.png; path = btn_camera.png; sourceTree = "<group>"; };
		4A5230E61DC5A4880039D9F1 /* btn_login.png */ = {isa = PBXFileReference; lastKnownFileType = image.png; path = btn_login.png; sourceTree = "<group>"; };
		4A5230E71DC5A4880039D9F1 /* btn_photo.png */ = {isa = PBXFileReference; lastKnownFileType = image.png; path = btn_photo.png; sourceTree = "<group>"; };
		4A5230E81DC5A4880039D9F1 /* btn_save.png */ = {isa = PBXFileReference; lastKnownFileType = image.png; path = btn_save.png; sourceTree = "<group>"; };
		4A5230E91DC5A4880039D9F1 /* deco_01.png */ = {isa = PBXFileReference; lastKnownFileType = image.png; path = deco_01.png; sourceTree = "<group>"; };
		4A5230EA1DC5A4880039D9F1 /* deco_02.png */ = {isa = PBXFileReference; lastKnownFileType = image.png; path = deco_02.png; sourceTree = "<group>"; };
		4A5230EB1DC5A4880039D9F1 /* deco_03.png */ = {isa = PBXFileReference; lastKnownFileType = image.png; path = deco_03.png; sourceTree = "<group>"; };
		4A5230EC1DC5A4880039D9F1 /* jphacks.prproj */ = {isa = PBXFileReference; lastKnownFileType = file; path = jphacks.prproj; sourceTree = "<group>"; };
		4A5230ED1DC5A4880039D9F1 /* logo_02.png */ = {isa = PBXFileReference; lastKnownFileType = image.png; path = logo_02.png; sourceTree = "<group>"; };
		4A5230EE1DC5A4880039D9F1 /* logo_03.png */ = {isa = PBXFileReference; lastKnownFileType = image.png; path = logo_03.png; sourceTree = "<group>"; };
		4A5230FA1DC5AC460039D9F1 /* btn_openlibrary.jpg */ = {isa = PBXFileReference; lastKnownFileType = image.jpeg; path = btn_openlibrary.jpg; sourceTree = "<group>"; };
		4A5230FC1DC5BBB60039D9F1 /* icon.png */ = {isa = PBXFileReference; lastKnownFileType = image.png; path = icon.png; sourceTree = "<group>"; };
		4A63A4141DC533900018E11C /* NewsTableViewController.swift */ = {isa = PBXFileReference; fileEncoding = 4; lastKnownFileType = sourcecode.swift; path = NewsTableViewController.swift; sourceTree = "<group>"; };
		4A63A4171DC539610018E11C /* NewsRequest.swift */ = {isa = PBXFileReference; fileEncoding = 4; lastKnownFileType = sourcecode.swift; path = NewsRequest.swift; sourceTree = "<group>"; };
		51EC8435E9E8934DCF22EEB8 /* Pods-JPHACK_APP.debug.xcconfig */ = {isa = PBXFileReference; includeInIndex = 1; lastKnownFileType = text.xcconfig; name = "Pods-JPHACK_APP.debug.xcconfig"; path = "Pods/Target Support Files/Pods-JPHACK_APP/Pods-JPHACK_APP.debug.xcconfig"; sourceTree = "<group>"; };
		A69CBA009190E01042709C18 /* Pods_JPHACK_APP.framework */ = {isa = PBXFileReference; explicitFileType = wrapper.framework; includeInIndex = 0; path = Pods_JPHACK_APP.framework; sourceTree = BUILT_PRODUCTS_DIR; };
		E7D5097D6676BBE301AD4E29 /* Pods-JPHACK_APP.release.xcconfig */ = {isa = PBXFileReference; includeInIndex = 1; lastKnownFileType = text.xcconfig; name = "Pods-JPHACK_APP.release.xcconfig"; path = "Pods/Target Support Files/Pods-JPHACK_APP/Pods-JPHACK_APP.release.xcconfig"; sourceTree = "<group>"; };
/* End PBXFileReference section */

/* Begin PBXFrameworksBuildPhase section */
		4A0440601DC43D44007F6C61 /* Frameworks */ = {
			isa = PBXFrameworksBuildPhase;
			buildActionMask = 2147483647;
			files = (
				4A5230E01DC58DA30039D9F1 /* Himotoki.framework in Frameworks */,
				4A5230DE1DC58CF30039D9F1 /* Result.framework in Frameworks */,
				4A5230DC1DC58CE20039D9F1 /* WebImage.framework in Frameworks */,
				4A5230D01DC542600039D9F1 /* APIKit.framework in Frameworks */,
				4A04407C1DC454FD007F6C61 /* Photos.framework in Frameworks */,
				4A04407A1DC443F9007F6C61 /* AVFoundation.framework in Frameworks */,
				2A484CAB71A60CA016B8A97E /* Pods_JPHACK_APP.framework in Frameworks */,
			);
			runOnlyForDeploymentPostprocessing = 0;
		};
/* End PBXFrameworksBuildPhase section */

/* Begin PBXGroup section */
		4A04405A1DC43D44007F6C61 = {
			isa = PBXGroup;
			children = (
				4A0440651DC43D44007F6C61 /* JPHACK_APP */,
				4A0440641DC43D44007F6C61 /* Products */,
				4A0440781DC443F9007F6C61 /* Frameworks */,
				9DBA845DE0B9E599FB8E02A6 /* Pods */,
			);
			sourceTree = "<group>";
		};
		4A0440641DC43D44007F6C61 /* Products */ = {
			isa = PBXGroup;
			children = (
				4A0440631DC43D44007F6C61 /* JPHACK_APP.app */,
			);
			name = Products;
			sourceTree = "<group>";
		};
		4A0440651DC43D44007F6C61 /* JPHACK_APP */ = {
			isa = PBXGroup;
			children = (
				4A5230E31DC5A4880039D9F1 /* images */,
				4A5230D81DC586E00039D9F1 /* ViewController */,
				4A5230D31DC57DFB0039D9F1 /* View */,
				4A63A4161DC538C80018E11C /* Model */,
				4A0440921DC48DE1007F6C61 /* Bridging-Header.h */,
				4A0440661DC43D44007F6C61 /* AppDelegate.swift */,
				4A04406A1DC43D44007F6C61 /* Main.storyboard */,
				4A04406D1DC43D44007F6C61 /* Assets.xcassets */,
				4A04406F1DC43D44007F6C61 /* LaunchScreen.storyboard */,
				4A0440721DC43D44007F6C61 /* Info.plist */,
			);
			path = JPHACK_APP;
			sourceTree = "<group>";
		};
		4A0440781DC443F9007F6C61 /* Frameworks */ = {
			isa = PBXGroup;
			children = (
				4A5230DF1DC58DA30039D9F1 /* Himotoki.framework */,
				4A5230DD1DC58CF30039D9F1 /* Result.framework */,
				4A5230DB1DC58CE20039D9F1 /* WebImage.framework */,
				4A5230D61DC5844A0039D9F1 /* SDWebImage.framework */,
				4A5230CE1DC541670039D9F1 /* APIKit.framework */,
				4A04407B1DC454FD007F6C61 /* Photos.framework */,
				4A0440791DC443F9007F6C61 /* AVFoundation.framework */,
				A69CBA009190E01042709C18 /* Pods_JPHACK_APP.framework */,
			);
			name = Frameworks;
			sourceTree = "<group>";
		};
		4A5230D31DC57DFB0039D9F1 /* View */ = {
			isa = PBXGroup;
			children = (
				4A5230D41DC57E2A0039D9F1 /* NewsCell.swift */,
			);
			name = View;
			sourceTree = "<group>";
		};
		4A5230D81DC586E00039D9F1 /* ViewController */ = {
			isa = PBXGroup;
			children = (
				4A63A4141DC533900018E11C /* NewsTableViewController.swift */,
				4A0440681DC43D44007F6C61 /* CameraViewController.swift */,
				4A04407F1DC4559C007F6C61 /* PhotoUploadViewController.swift */,
			);
			name = ViewController;
			sourceTree = "<group>";
		};
		4A5230E31DC5A4880039D9F1 /* images */ = {
			isa = PBXGroup;
			children = (
				4A5230FC1DC5BBB60039D9F1 /* icon.png */,
				4A5230FA1DC5AC460039D9F1 /* btn_openlibrary.jpg */,
				4A5230E11DC5A0540039D9F1 /* noimage.jpg */,
				4A5230E41DC5A4880039D9F1 /* background.jpg */,
				4A5230E51DC5A4880039D9F1 /* btn_camera.png */,
				4A5230E61DC5A4880039D9F1 /* btn_login.png */,
				4A5230E71DC5A4880039D9F1 /* btn_photo.png */,
				4A5230E81DC5A4880039D9F1 /* btn_save.png */,
				4A5230E91DC5A4880039D9F1 /* deco_01.png */,
				4A5230EA1DC5A4880039D9F1 /* deco_02.png */,
				4A5230EB1DC5A4880039D9F1 /* deco_03.png */,
				4A5230EC1DC5A4880039D9F1 /* jphacks.prproj */,
				4A5230ED1DC5A4880039D9F1 /* logo_02.png */,
				4A5230EE1DC5A4880039D9F1 /* logo_03.png */,
			);
			path = images;
			sourceTree = "<group>";
		};
		4A63A4161DC538C80018E11C /* Model */ = {
			isa = PBXGroup;
			children = (
				4A63A4171DC539610018E11C /* NewsRequest.swift */,
				4A5230D11DC567090039D9F1 /* News.swift */,
				4A5230D91DC58A470039D9F1 /* NewsRequestType.swift */,
			);
			name = Model;
			sourceTree = "<group>";
		};
		9DBA845DE0B9E599FB8E02A6 /* Pods */ = {
			isa = PBXGroup;
			children = (
				51EC8435E9E8934DCF22EEB8 /* Pods-JPHACK_APP.debug.xcconfig */,
				E7D5097D6676BBE301AD4E29 /* Pods-JPHACK_APP.release.xcconfig */,
			);
			name = Pods;
			sourceTree = "<group>";
		};
/* End PBXGroup section */

/* Begin PBXNativeTarget section */
		4A0440621DC43D44007F6C61 /* JPHACK_APP */ = {
			isa = PBXNativeTarget;
			buildConfigurationList = 4A0440751DC43D45007F6C61 /* Build configuration list for PBXNativeTarget "JPHACK_APP" */;
			buildPhases = (
				1192969A8929A661017B9ED2 /* Check Pods Manifest.lock */,
				4A04405F1DC43D44007F6C61 /* Sources */,
				4A0440601DC43D44007F6C61 /* Frameworks */,
				4A0440611DC43D44007F6C61 /* Resources */,
				FFA73196D781930E4122E19F /* Embed Pods Frameworks */,
				A982ABBB77D6E912407AE28F /* Copy Pods Resources */,
			);
			buildRules = (
			);
			dependencies = (
			);
			name = JPHACK_APP;
			productName = JPHACK_APP;
			productReference = 4A0440631DC43D44007F6C61 /* JPHACK_APP.app */;
			productType = "com.apple.product-type.application";
		};
/* End PBXNativeTarget section */

/* Begin PBXProject section */
		4A04405B1DC43D44007F6C61 /* Project object */ = {
			isa = PBXProject;
			attributes = {
				LastSwiftUpdateCheck = 0800;
				LastUpgradeCheck = 0800;
				ORGANIZATIONNAME = fun;
				TargetAttributes = {
					4A0440621DC43D44007F6C61 = {
						CreatedOnToolsVersion = 8.0;
						DevelopmentTeam = 64LEQXTB98;
						ProvisioningStyle = Automatic;
					};
				};
			};
			buildConfigurationList = 4A04405E1DC43D44007F6C61 /* Build configuration list for PBXProject "JPHACK_APP" */;
			compatibilityVersion = "Xcode 3.2";
			developmentRegion = English;
			hasScannedForEncodings = 0;
			knownRegions = (
				en,
				Base,
			);
			mainGroup = 4A04405A1DC43D44007F6C61;
			productRefGroup = 4A0440641DC43D44007F6C61 /* Products */;
			projectDirPath = "";
			projectRoot = "";
			targets = (
				4A0440621DC43D44007F6C61 /* JPHACK_APP */,
			);
		};
/* End PBXProject section */

/* Begin PBXResourcesBuildPhase section */
		4A0440611DC43D44007F6C61 /* Resources */ = {
			isa = PBXResourcesBuildPhase;
			buildActionMask = 2147483647;
			files = (
				4A5230F31DC5A4880039D9F1 /* btn_save.png in Resources */,
				4A5230F41DC5A4880039D9F1 /* deco_01.png in Resources */,
				4A5230F51DC5A4880039D9F1 /* deco_02.png in Resources */,
				4A5230F91DC5A4880039D9F1 /* logo_03.png in Resources */,
				4A5230F61DC5A4880039D9F1 /* deco_03.png in Resources */,
				4A0440711DC43D44007F6C61 /* LaunchScreen.storyboard in Resources */,
				4A5230EF1DC5A4880039D9F1 /* background.jpg in Resources */,
				4A04406E1DC43D44007F6C61 /* Assets.xcassets in Resources */,
				4A5230E21DC5A0540039D9F1 /* noimage.jpg in Resources */,
				4A5230F81DC5A4880039D9F1 /* logo_02.png in Resources */,
				4A04406C1DC43D44007F6C61 /* Main.storyboard in Resources */,
				4A5230F71DC5A4880039D9F1 /* jphacks.prproj in Resources */,
				4A5230FD1DC5BBB60039D9F1 /* icon.png in Resources */,
				4A5230FB1DC5AC460039D9F1 /* btn_openlibrary.jpg in Resources */,
				4A5230F21DC5A4880039D9F1 /* btn_photo.png in Resources */,
				4A5230F01DC5A4880039D9F1 /* btn_camera.png in Resources */,
				4A5230F11DC5A4880039D9F1 /* btn_login.png in Resources */,
			);
			runOnlyForDeploymentPostprocessing = 0;
		};
/* End PBXResourcesBuildPhase section */

/* Begin PBXShellScriptBuildPhase section */
		1192969A8929A661017B9ED2 /* Check Pods Manifest.lock */ = {
			isa = PBXShellScriptBuildPhase;
			buildActionMask = 2147483647;
			files = (
			);
			inputPaths = (
			);
			name = "Check Pods Manifest.lock";
			outputPaths = (
			);
			runOnlyForDeploymentPostprocessing = 0;
			shellPath = /bin/sh;
			shellScript = "diff \"${PODS_ROOT}/../Podfile.lock\" \"${PODS_ROOT}/Manifest.lock\" > /dev/null\nif [[ $? != 0 ]] ; then\n    cat << EOM\nerror: The sandbox is not in sync with the Podfile.lock. Run 'pod install' or update your CocoaPods installation.\nEOM\n    exit 1\nfi\n";
			showEnvVarsInLog = 0;
		};
		A982ABBB77D6E912407AE28F /* Copy Pods Resources */ = {
			isa = PBXShellScriptBuildPhase;
			buildActionMask = 2147483647;
			files = (
			);
			inputPaths = (
				"$(SRCROOT)/Carthage/build/iOS/Result.framework",
				"$(SRCROOT)/Carthage/build/iOS/Himotoki.framework",
				"$(SRCROOT)/Carthage/build/iOS/APIKit.framework",
				"$(SRCROOT)/Carthage/build/iOS/WebImage.framework",
			);
			name = "Copy Pods Resources";
			outputPaths = (
			);
			runOnlyForDeploymentPostprocessing = 0;
			shellPath = /bin/sh;
			shellScript = "/usr/local/bin/carthage copy-frameworks";
		};
		FFA73196D781930E4122E19F /* Embed Pods Frameworks */ = {
			isa = PBXShellScriptBuildPhase;
			buildActionMask = 2147483647;
			files = (
			);
			inputPaths = (
			);
			name = "Embed Pods Frameworks";
			outputPaths = (
			);
			runOnlyForDeploymentPostprocessing = 0;
			shellPath = /bin/sh;
			shellScript = "\"${SRCROOT}/Pods/Target Support Files/Pods-JPHACK_APP/Pods-JPHACK_APP-frameworks.sh\"\n";
			showEnvVarsInLog = 0;
		};
/* End PBXShellScriptBuildPhase section */

/* Begin PBXSourcesBuildPhase section */
		4A04405F1DC43D44007F6C61 /* Sources */ = {
			isa = PBXSourcesBuildPhase;
			buildActionMask = 2147483647;
			files = (
				4A5230DA1DC58A470039D9F1 /* NewsRequestType.swift in Sources */,
				4A63A4151DC533900018E11C /* NewsTableViewController.swift in Sources */,
				4A0440691DC43D44007F6C61 /* CameraViewController.swift in Sources */,
				4A63A4181DC539610018E11C /* NewsRequest.swift in Sources */,
				4A5230D51DC57E2A0039D9F1 /* NewsCell.swift in Sources */,
				4A0440671DC43D44007F6C61 /* AppDelegate.swift in Sources */,
				4A5230D21DC567090039D9F1 /* News.swift in Sources */,
				4A0440801DC4559C007F6C61 /* PhotoUploadViewController.swift in Sources */,
			);
			runOnlyForDeploymentPostprocessing = 0;
		};
/* End PBXSourcesBuildPhase section */

/* Begin PBXVariantGroup section */
		4A04406A1DC43D44007F6C61 /* Main.storyboard */ = {
			isa = PBXVariantGroup;
			children = (
				4A04406B1DC43D44007F6C61 /* Base */,
			);
			name = Main.storyboard;
			sourceTree = "<group>";
		};
		4A04406F1DC43D44007F6C61 /* LaunchScreen.storyboard */ = {
			isa = PBXVariantGroup;
			children = (
				4A0440701DC43D44007F6C61 /* Base */,
			);
			name = LaunchScreen.storyboard;
			sourceTree = "<group>";
		};
/* End PBXVariantGroup section */

/* Begin XCBuildConfiguration section */
		4A0440731DC43D45007F6C61 /* Debug */ = {
			isa = XCBuildConfiguration;
			buildSettings = {
				ALWAYS_SEARCH_USER_PATHS = NO;
				CLANG_ANALYZER_NONNULL = YES;
				CLANG_CXX_LANGUAGE_STANDARD = "gnu++0x";
				CLANG_CXX_LIBRARY = "libc++";
				CLANG_ENABLE_MODULES = YES;
				CLANG_ENABLE_OBJC_ARC = YES;
				CLANG_WARN_BOOL_CONVERSION = YES;
				CLANG_WARN_CONSTANT_CONVERSION = YES;
				CLANG_WARN_DIRECT_OBJC_ISA_USAGE = YES_ERROR;
				CLANG_WARN_DOCUMENTATION_COMMENTS = YES;
				CLANG_WARN_EMPTY_BODY = YES;
				CLANG_WARN_ENUM_CONVERSION = YES;
				CLANG_WARN_INFINITE_RECURSION = YES;
				CLANG_WARN_INT_CONVERSION = YES;
				CLANG_WARN_OBJC_ROOT_CLASS = YES_ERROR;
				CLANG_WARN_SUSPICIOUS_MOVES = YES;
				CLANG_WARN_UNREACHABLE_CODE = YES;
				CLANG_WARN__DUPLICATE_METHOD_MATCH = YES;
				"CODE_SIGN_IDENTITY[sdk=iphoneos*]" = "iPhone Developer";
				COPY_PHASE_STRIP = NO;
				DEBUG_INFORMATION_FORMAT = dwarf;
				ENABLE_STRICT_OBJC_MSGSEND = YES;
				ENABLE_TESTABILITY = YES;
				GCC_C_LANGUAGE_STANDARD = gnu99;
				GCC_DYNAMIC_NO_PIC = NO;
				GCC_NO_COMMON_BLOCKS = YES;
				GCC_OPTIMIZATION_LEVEL = 0;
				GCC_PREPROCESSOR_DEFINITIONS = (
					"DEBUG=1",
					"$(inherited)",
				);
				GCC_WARN_64_TO_32_BIT_CONVERSION = YES;
				GCC_WARN_ABOUT_RETURN_TYPE = YES_ERROR;
				GCC_WARN_UNDECLARED_SELECTOR = YES;
				GCC_WARN_UNINITIALIZED_AUTOS = YES_AGGRESSIVE;
				GCC_WARN_UNUSED_FUNCTION = YES;
				GCC_WARN_UNUSED_VARIABLE = YES;
				IPHONEOS_DEPLOYMENT_TARGET = 10.0;
				MTL_ENABLE_DEBUG_INFO = YES;
				ONLY_ACTIVE_ARCH = YES;
				SDKROOT = iphoneos;
				SWIFT_ACTIVE_COMPILATION_CONDITIONS = DEBUG;
				SWIFT_OPTIMIZATION_LEVEL = "-Onone";
				TARGETED_DEVICE_FAMILY = "1,2";
			};
			name = Debug;
		};
		4A0440741DC43D45007F6C61 /* Release */ = {
			isa = XCBuildConfiguration;
			buildSettings = {
				ALWAYS_SEARCH_USER_PATHS = NO;
				CLANG_ANALYZER_NONNULL = YES;
				CLANG_CXX_LANGUAGE_STANDARD = "gnu++0x";
				CLANG_CXX_LIBRARY = "libc++";
				CLANG_ENABLE_MODULES = YES;
				CLANG_ENABLE_OBJC_ARC = YES;
				CLANG_WARN_BOOL_CONVERSION = YES;
				CLANG_WARN_CONSTANT_CONVERSION = YES;
				CLANG_WARN_DIRECT_OBJC_ISA_USAGE = YES_ERROR;
				CLANG_WARN_DOCUMENTATION_COMMENTS = YES;
				CLANG_WARN_EMPTY_BODY = YES;
				CLANG_WARN_ENUM_CONVERSION = YES;
				CLANG_WARN_INFINITE_RECURSION = YES;
				CLANG_WARN_INT_CONVERSION = YES;
				CLANG_WARN_OBJC_ROOT_CLASS = YES_ERROR;
				CLANG_WARN_SUSPICIOUS_MOVES = YES;
				CLANG_WARN_UNREACHABLE_CODE = YES;
				CLANG_WARN__DUPLICATE_METHOD_MATCH = YES;
				"CODE_SIGN_IDENTITY[sdk=iphoneos*]" = "iPhone Developer";
				COPY_PHASE_STRIP = NO;
				DEBUG_INFORMATION_FORMAT = "dwarf-with-dsym";
				ENABLE_NS_ASSERTIONS = NO;
				ENABLE_STRICT_OBJC_MSGSEND = YES;
				GCC_C_LANGUAGE_STANDARD = gnu99;
				GCC_NO_COMMON_BLOCKS = YES;
				GCC_WARN_64_TO_32_BIT_CONVERSION = YES;
				GCC_WARN_ABOUT_RETURN_TYPE = YES_ERROR;
				GCC_WARN_UNDECLARED_SELECTOR = YES;
				GCC_WARN_UNINITIALIZED_AUTOS = YES_AGGRESSIVE;
				GCC_WARN_UNUSED_FUNCTION = YES;
				GCC_WARN_UNUSED_VARIABLE = YES;
				IPHONEOS_DEPLOYMENT_TARGET = 10.0;
				MTL_ENABLE_DEBUG_INFO = NO;
				SDKROOT = iphoneos;
				SWIFT_OPTIMIZATION_LEVEL = "-Owholemodule";
				TARGETED_DEVICE_FAMILY = "1,2";
				VALIDATE_PRODUCT = YES;
			};
			name = Release;
		};
		4A0440761DC43D45007F6C61 /* Debug */ = {
			isa = XCBuildConfiguration;
			baseConfigurationReference = 51EC8435E9E8934DCF22EEB8 /* Pods-JPHACK_APP.debug.xcconfig */;
			buildSettings = {
				DEVELOPMENT_TEAM = 64LEQXTB98;
				FRAMEWORK_SEARCH_PATHS = (
					"$(inherited)",
					"$(PROJECT_DIR)/Carthage/Build/iOS",
					"$(PROJECT_DIR)/build/Debug-iphoneos",
				);
				INFOPLIST_FILE = JPHACK_APP/Info.plist;
				IPHONEOS_DEPLOYMENT_TARGET = 10.0;
				LD_RUNPATH_SEARCH_PATHS = "$(inherited) @executable_path/Frameworks";
				PRODUCT_BUNDLE_IDENTIFIER = "jp.ac.fun.JPHACK-APP";
				PRODUCT_NAME = "$(TARGET_NAME)";
				SWIFT_OBJC_BRIDGING_HEADER = "$(SRCROOT)/$(PRODUCT)/JPHACK_APP/Bridging-Header.h";
				SWIFT_VERSION = 3.0;
			};
			name = Debug;
		};
		4A0440771DC43D45007F6C61 /* Release */ = {
			isa = XCBuildConfiguration;
			baseConfigurationReference = E7D5097D6676BBE301AD4E29 /* Pods-JPHACK_APP.release.xcconfig */;
			buildSettings = {
				DEVELOPMENT_TEAM = 64LEQXTB98;
				FRAMEWORK_SEARCH_PATHS = (
					"$(inherited)",
					"$(PROJECT_DIR)/Carthage/Build/iOS",
					"$(PROJECT_DIR)/build/Debug-iphoneos",
				);
				INFOPLIST_FILE = JPHACK_APP/Info.plist;
				IPHONEOS_DEPLOYMENT_TARGET = 10.0;
				LD_RUNPATH_SEARCH_PATHS = "$(inherited) @executable_path/Frameworks";
				PRODUCT_BUNDLE_IDENTIFIER = "jp.ac.fun.JPHACK-APP";
				PRODUCT_NAME = "$(TARGET_NAME)";
				SWIFT_OBJC_BRIDGING_HEADER = "$(SRCROOT)/$(PRODUCT)/JPHACK_APP/Bridging-Header.h";
				SWIFT_VERSION = 3.0;
			};
			name = Release;
		};
/* End XCBuildConfiguration section */

/* Begin XCConfigurationList section */
		4A04405E1DC43D44007F6C61 /* Build configuration list for PBXProject "JPHACK_APP" */ = {
			isa = XCConfigurationList;
			buildConfigurations = (
				4A0440731DC43D45007F6C61 /* Debug */,
				4A0440741DC43D45007F6C61 /* Release */,
			);
			defaultConfigurationIsVisible = 0;
			defaultConfigurationName = Release;
		};
		4A0440751DC43D45007F6C61 /* Build configuration list for PBXNativeTarget "JPHACK_APP" */ = {
			isa = XCConfigurationList;
			buildConfigurations = (
				4A0440761DC43D45007F6C61 /* Debug */,
				4A0440771DC43D45007F6C61 /* Release */,
			);
			defaultConfigurationIsVisible = 0;
			defaultConfigurationName = Release;
		};
/* End XCConfigurationList section */
	};
	rootObject = 4A04405B1DC43D44007F6C61 /* Project object */;
}
