// !$*UTF8*$!
{
	archiveVersion = 1;
	classes = {
	};
	objectVersion = 46;
	objects = {

/* Begin PBXBuildFile section */
		4A0440671DC43D44007F6C61 /* AppDelegate.swift in Sources */ = {isa = PBXBuildFile; fileRef = 4A0440661DC43D44007F6C61 /* AppDelegate.swift */; };
		4A0440691DC43D44007F6C61 /* CameraViewController.swift in Sources */ = {isa = PBXBuildFile; fileRef = 4A0440681DC43D44007F6C61 /* CameraViewController.swift */; };
		4A04406C1DC43D44007F6C61 /* Main.storyboard in Resources */ = {isa = PBXBuildFile; fileRef = 4A04406A1DC43D44007F6C61 /* Main.storyboard */; };
		4A04406E1DC43D44007F6C61 /* Assets.xcassets in Resources */ = {isa = PBXBuildFile; fileRef = 4A04406D1DC43D44007F6C61 /* Assets.xcassets */; };
		4A0440711DC43D44007F6C61 /* LaunchScreen.storyboard in Resources */ = {isa = PBXBuildFile; fileRef = 4A04406F1DC43D44007F6C61 /* LaunchScreen.storyboard */; };
		4A04407A1DC443F9007F6C61 /* AVFoundation.framework in Frameworks */ = {isa = PBXBuildFile; fileRef = 4A0440791DC443F9007F6C61 /* AVFoundation.framework */; };
		4A04407C1DC454FD007F6C61 /* Photos.framework in Frameworks */ = {isa = PBXBuildFile; fileRef = 4A04407B1DC454FD007F6C61 /* Photos.framework */; };
		4A0440801DC4559C007F6C61 /* PhotoUploadViewController.swift in Sources */ = {isa = PBXBuildFile; fileRef = 4A04407F1DC4559C007F6C61 /* PhotoUploadViewController.swift */; };
		4A63A4151DC533900018E11C /* NewsTableViewController.swift in Sources */ = {isa = PBXBuildFile; fileRef = 4A63A4141DC533900018E11C /* NewsTableViewController.swift */; };
		A568F3B798774F6798525B6D /* libPods-JPHACK_APP.a in Frameworks */ = {isa = PBXBuildFile; fileRef = F39391CC34B42A04E94E53CA /* libPods-JPHACK_APP.a */; };
/* End PBXBuildFile section */

/* Begin PBXFileReference section */
		4A0440631DC43D44007F6C61 /* JPHACK_APP.app */ = {isa = PBXFileReference; explicitFileType = wrapper.application; includeInIndex = 0; path = JPHACK_APP.app; sourceTree = BUILT_PRODUCTS_DIR; };
		4A0440661DC43D44007F6C61 /* AppDelegate.swift */ = {isa = PBXFileReference; lastKnownFileType = sourcecode.swift; path = AppDelegate.swift; sourceTree = "<group>"; };
		4A0440681DC43D44007F6C61 /* CameraViewController.swift */ = {isa = PBXFileReference; lastKnownFileType = sourcecode.swift; path = CameraViewController.swift; sourceTree = "<group>"; };
		4A04406B1DC43D44007F6C61 /* Base */ = {isa = PBXFileReference; lastKnownFileType = file.storyboard; name = Base; path = Base.lproj/Main.storyboard; sourceTree = "<group>"; };
		4A04406D1DC43D44007F6C61 /* Assets.xcassets */ = {isa = PBXFileReference; lastKnownFileType = folder.assetcatalog; path = Assets.xcassets; sourceTree = "<group>"; };
		4A0440701DC43D44007F6C61 /* Base */ = {isa = PBXFileReference; lastKnownFileType = file.storyboard; name = Base; path = Base.lproj/LaunchScreen.storyboard; sourceTree = "<group>"; };
		4A0440721DC43D44007F6C61 /* Info.plist */ = {isa = PBXFileReference; lastKnownFileType = text.plist.xml; path = Info.plist; sourceTree = "<group>"; };
		4A0440791DC443F9007F6C61 /* AVFoundation.framework */ = {isa = PBXFileReference; lastKnownFileType = wrapper.framework; name = AVFoundation.framework; path = System/Library/Frameworks/AVFoundation.framework; sourceTree = SDKROOT; };
		4A04407B1DC454FD007F6C61 /* Photos.framework */ = {isa = PBXFileReference; lastKnownFileType = wrapper.framework; name = Photos.framework; path = System/Library/Frameworks/Photos.framework; sourceTree = SDKROOT; };
		4A04407F1DC4559C007F6C61 /* PhotoUploadViewController.swift */ = {isa = PBXFileReference; fileEncoding = 4; lastKnownFileType = sourcecode.swift; path = PhotoUploadViewController.swift; sourceTree = "<group>"; };
		4A0440921DC48DE1007F6C61 /* Bridging-Header.h */ = {isa = PBXFileReference; lastKnownFileType = sourcecode.c.h; path = "Bridging-Header.h"; sourceTree = "<group>"; };
		4A63A4141DC533900018E11C /* NewsTableViewController.swift */ = {isa = PBXFileReference; fileEncoding = 4; lastKnownFileType = sourcecode.swift; path = NewsTableViewController.swift; sourceTree = "<group>"; };
		51EC8435E9E8934DCF22EEB8 /* Pods-JPHACK_APP.debug.xcconfig */ = {isa = PBXFileReference; includeInIndex = 1; lastKnownFileType = text.xcconfig; name = "Pods-JPHACK_APP.debug.xcconfig"; path = "Pods/Target Support Files/Pods-JPHACK_APP/Pods-JPHACK_APP.debug.xcconfig"; sourceTree = "<group>"; };
		E7D5097D6676BBE301AD4E29 /* Pods-JPHACK_APP.release.xcconfig */ = {isa = PBXFileReference; includeInIndex = 1; lastKnownFileType = text.xcconfig; name = "Pods-JPHACK_APP.release.xcconfig"; path = "Pods/Target Support Files/Pods-JPHACK_APP/Pods-JPHACK_APP.release.xcconfig"; sourceTree = "<group>"; };
		F39391CC34B42A04E94E53CA /* libPods-JPHACK_APP.a */ = {isa = PBXFileReference; explicitFileType = archive.ar; includeInIndex = 0; path = "libPods-JPHACK_APP.a"; sourceTree = BUILT_PRODUCTS_DIR; };
/* End PBXFileReference section */

/* Begin PBXFrameworksBuildPhase section */
		4A0440601DC43D44007F6C61 /* Frameworks */ = {
			isa = PBXFrameworksBuildPhase;
			buildActionMask = 2147483647;
			files = (
				4A04407C1DC454FD007F6C61 /* Photos.framework in Frameworks */,
				4A04407A1DC443F9007F6C61 /* AVFoundation.framework in Frameworks */,
				A568F3B798774F6798525B6D /* libPods-JPHACK_APP.a in Frameworks */,
			);
			runOnlyForDeploymentPostprocessing = 0;
		};
/* End PBXFrameworksBuildPhase section */

/* Begin PBXGroup section */
		4A04405A1DC43D44007F6C61 = {
			isa = PBXGroup;
			children = (
				4A0440651DC43D44007F6C61 /* JPHACK_APP */,
				4A0440641DC43D44007F6C61 /* Products */,
				4A0440781DC443F9007F6C61 /* Frameworks */,
				9DBA845DE0B9E599FB8E02A6 /* Pods */,
			);
			sourceTree = "<group>";
		};
		4A0440641DC43D44007F6C61 /* Products */ = {
			isa = PBXGroup;
			children = (
				4A0440631DC43D44007F6C61 /* JPHACK_APP.app */,
			);
			name = Products;
			sourceTree = "<group>";
		};
		4A0440651DC43D44007F6C61 /* JPHACK_APP */ = {
			isa = PBXGroup;
			children = (
				4A0440921DC48DE1007F6C61 /* Bridging-Header.h */,
				4A0440661DC43D44007F6C61 /* AppDelegate.swift */,
				4A63A4141DC533900018E11C /* NewsTableViewController.swift */,
				4A0440681DC43D44007F6C61 /* CameraViewController.swift */,
				4A04407F1DC4559C007F6C61 /* PhotoUploadViewController.swift */,
				4A04406A1DC43D44007F6C61 /* Main.storyboard */,
				4A04406D1DC43D44007F6C61 /* Assets.xcassets */,
				4A04406F1DC43D44007F6C61 /* LaunchScreen.storyboard */,
				4A0440721DC43D44007F6C61 /* Info.plist */,
			);
			path = JPHACK_APP;
			sourceTree = "<group>";
		};
		4A0440781DC443F9007F6C61 /* Frameworks */ = {
			isa = PBXGroup;
			children = (
				4A04407B1DC454FD007F6C61 /* Photos.framework */,
				4A0440791DC443F9007F6C61 /* AVFoundation.framework */,
				F39391CC34B42A04E94E53CA /* libPods-JPHACK_APP.a */,
			);
			name = Frameworks;
			sourceTree = "<group>";
		};
		9DBA845DE0B9E599FB8E02A6 /* Pods */ = {
			isa = PBXGroup;
			children = (
				51EC8435E9E8934DCF22EEB8 /* Pods-JPHACK_APP.debug.xcconfig */,
				E7D5097D6676BBE301AD4E29 /* Pods-JPHACK_APP.release.xcconfig */,
			);
			name = Pods;
			sourceTree = "<group>";
		};
/* End PBXGroup section */

/* Begin PBXNativeTarget section */
		4A0440621DC43D44007F6C61 /* JPHACK_APP */ = {
			isa = PBXNativeTarget;
			buildConfigurationList = 4A0440751DC43D45007F6C61 /* Build configuration list for PBXNativeTarget "JPHACK_APP" */;
			buildPhases = (
				1192969A8929A661017B9ED2 /* Check Pods Manifest.lock */,
				4A04405F1DC43D44007F6C61 /* Sources */,
				4A0440601DC43D44007F6C61 /* Frameworks */,
				4A0440611DC43D44007F6C61 /* Resources */,
				FFA73196D781930E4122E19F /* Embed Pods Frameworks */,
				A982ABBB77D6E912407AE28F /* Copy Pods Resources */,
			);
			buildRules = (
			);
			dependencies = (
			);
			name = JPHACK_APP;
			productName = JPHACK_APP;
			productReference = 4A0440631DC43D44007F6C61 /* JPHACK_APP.app */;
			productType = "com.apple.product-type.application";
		};
/* End PBXNativeTarget section */

/* Begin PBXProject section */
		4A04405B1DC43D44007F6C61 /* Project object */ = {
			isa = PBXProject;
			attributes = {
				LastSwiftUpdateCheck = 0800;
				LastUpgradeCheck = 0800;
				ORGANIZATIONNAME = fun;
				TargetAttributes = {
					4A0440621DC43D44007F6C61 = {
						CreatedOnToolsVersion = 8.0;
						DevelopmentTeam = 64LEQXTB98;
						ProvisioningStyle = Automatic;
					};
				};
			};
			buildConfigurationList = 4A04405E1DC43D44007F6C61 /* Build configuration list for PBXProject "JPHACK_APP" */;
			compatibilityVersion = "Xcode 3.2";
			developmentRegion = English;
			hasScannedForEncodings = 0;
			knownRegions = (
				en,
				Base,
			);
			mainGroup = 4A04405A1DC43D44007F6C61;
			productRefGroup = 4A0440641DC43D44007F6C61 /* Products */;
			projectDirPath = "";
			projectRoot = "";
			targets = (
				4A0440621DC43D44007F6C61 /* JPHACK_APP */,
			);
		};
/* End PBXProject section */

/* Begin PBXResourcesBuildPhase section */
		4A0440611DC43D44007F6C61 /* Resources */ = {
			isa = PBXResourcesBuildPhase;
			buildActionMask = 2147483647;
			files = (
				4A0440711DC43D44007F6C61 /* LaunchScreen.storyboard in Resources */,
				4A04406E1DC43D44007F6C61 /* Assets.xcassets in Resources */,
				4A04406C1DC43D44007F6C61 /* Main.storyboard in Resources */,
			);
			runOnlyForDeploymentPostprocessing = 0;
		};
/* End PBXResourcesBuildPhase section */

/* Begin PBXShellScriptBuildPhase section */
		1192969A8929A661017B9ED2 /* Check Pods Manifest.lock */ = {
			isa = PBXShellScriptBuildPhase;
			buildActionMask = 2147483647;
			files = (
			);
			inputPaths = (
			);
			name = "Check Pods Manifest.lock";
			outputPaths = (
			);
			runOnlyForDeploymentPostprocessing = 0;
			shellPath = /bin/sh;
			shellScript = "diff \"${PODS_ROOT}/../Podfile.lock\" \"${PODS_ROOT}/Manifest.lock\" > /dev/null\nif [[ $? != 0 ]] ; then\n    cat << EOM\nerror: The sandbox is not in sync with the Podfile.lock. Run 'pod install' or update your CocoaPods installation.\nEOM\n    exit 1\nfi\n";
			showEnvVarsInLog = 0;
		};
		A982ABBB77D6E912407AE28F /* Copy Pods Resources */ = {
			isa = PBXShellScriptBuildPhase;
			buildActionMask = 2147483647;
			files = (
			);
			inputPaths = (
			);
			name = "Copy Pods Resources";
			outputPaths = (
			);
			runOnlyForDeploymentPostprocessing = 0;
			shellPath = /bin/sh;
			shellScript = "\"${SRCROOT}/Pods/Target Support Files/Pods-JPHACK_APP/Pods-JPHACK_APP-resources.sh\"\n";
			showEnvVarsInLog = 0;
		};
		FFA73196D781930E4122E19F /* Embed Pods Frameworks */ = {
			isa = PBXShellScriptBuildPhase;
			buildActionMask = 2147483647;
			files = (
			);
			inputPaths = (
			);
			name = "Embed Pods Frameworks";
			outputPaths = (
			);
			runOnlyForDeploymentPostprocessing = 0;
			shellPath = /bin/sh;
			shellScript = "\"${SRCROOT}/Pods/Target Support Files/Pods-JPHACK_APP/Pods-JPHACK_APP-frameworks.sh\"\n";
			showEnvVarsInLog = 0;
		};
/* End PBXShellScriptBuildPhase section */

/* Begin PBXSourcesBuildPhase section */
		4A04405F1DC43D44007F6C61 /* Sources */ = {
			isa = PBXSourcesBuildPhase;
			buildActionMask = 2147483647;
			files = (
				4A63A4151DC533900018E11C /* NewsTableViewController.swift in Sources */,
				4A0440691DC43D44007F6C61 /* CameraViewController.swift in Sources */,
				4A0440671DC43D44007F6C61 /* AppDelegate.swift in Sources */,
				4A0440801DC4559C007F6C61 /* PhotoUploadViewController.swift in Sources */,
			);
			runOnlyForDeploymentPostprocessing = 0;
		};
/* End PBXSourcesBuildPhase section */

/* Begin PBXVariantGroup section */
		4A04406A1DC43D44007F6C61 /* Main.storyboard */ = {
			isa = PBXVariantGroup;
			children = (
				4A04406B1DC43D44007F6C61 /* Base */,
			);
			name = Main.storyboard;
			sourceTree = "<group>";
		};
		4A04406F1DC43D44007F6C61 /* LaunchScreen.storyboard */ = {
			isa = PBXVariantGroup;
			children = (
				4A0440701DC43D44007F6C61 /* Base */,
			);
			name = LaunchScreen.storyboard;
			sourceTree = "<group>";
		};
/* End PBXVariantGroup section */

/* Begin XCBuildConfiguration section */
		4A0440731DC43D45007F6C61 /* Debug */ = {
			isa = XCBuildConfiguration;
			buildSettings = {
				ALWAYS_SEARCH_USER_PATHS = NO;
				CLANG_ANALYZER_NONNULL = YES;
				CLANG_CXX_LANGUAGE_STANDARD = "gnu++0x";
				CLANG_CXX_LIBRARY = "libc++";
				CLANG_ENABLE_MODULES = YES;
				CLANG_ENABLE_OBJC_ARC = YES;
				CLANG_WARN_BOOL_CONVERSION = YES;
				CLANG_WARN_CONSTANT_CONVERSION = YES;
				CLANG_WARN_DIRECT_OBJC_ISA_USAGE = YES_ERROR;
				CLANG_WARN_DOCUMENTATION_COMMENTS = YES;
				CLANG_WARN_EMPTY_BODY = YES;
				CLANG_WARN_ENUM_CONVERSION = YES;
				CLANG_WARN_INFINITE_RECURSION = YES;
				CLANG_WARN_INT_CONVERSION = YES;
				CLANG_WARN_OBJC_ROOT_CLASS = YES_ERROR;
				CLANG_WARN_SUSPICIOUS_MOVES = YES;
				CLANG_WARN_UNREACHABLE_CODE = YES;
				CLANG_WARN__DUPLICATE_METHOD_MATCH = YES;
				"CODE_SIGN_IDENTITY[sdk=iphoneos*]" = "iPhone Developer";
				COPY_PHASE_STRIP = NO;
				DEBUG_INFORMATION_FORMAT = dwarf;
				ENABLE_STRICT_OBJC_MSGSEND = YES;
				ENABLE_TESTABILITY = YES;
				GCC_C_LANGUAGE_STANDARD = gnu99;
				GCC_DYNAMIC_NO_PIC = NO;
				GCC_NO_COMMON_BLOCKS = YES;
				GCC_OPTIMIZATION_LEVEL = 0;
				GCC_PREPROCESSOR_DEFINITIONS = (
					"DEBUG=1",
					"$(inherited)",
				);
				GCC_WARN_64_TO_32_BIT_CONVERSION = YES;
				GCC_WARN_ABOUT_RETURN_TYPE = YES_ERROR;
				GCC_WARN_UNDECLARED_SELECTOR = YES;
				GCC_WARN_UNINITIALIZED_AUTOS = YES_AGGRESSIVE;
				GCC_WARN_UNUSED_FUNCTION = YES;
				GCC_WARN_UNUSED_VARIABLE = YES;
				IPHONEOS_DEPLOYMENT_TARGET = 10.0;
				MTL_ENABLE_DEBUG_INFO = YES;
				ONLY_ACTIVE_ARCH = YES;
				SDKROOT = iphoneos;
				SWIFT_ACTIVE_COMPILATION_CONDITIONS = DEBUG;
				SWIFT_OPTIMIZATION_LEVEL = "-Onone";
				TARGETED_DEVICE_FAMILY = "1,2";
			};
			name = Debug;
		};
		4A0440741DC43D45007F6C61 /* Release */ = {
			isa = XCBuildConfiguration;
			buildSettings = {
				ALWAYS_SEARCH_USER_PATHS = NO;
				CLANG_ANALYZER_NONNULL = YES;
				CLANG_CXX_LANGUAGE_STANDARD = "gnu++0x";
				CLANG_CXX_LIBRARY = "libc++";
				CLANG_ENABLE_MODULES = YES;
				CLANG_ENABLE_OBJC_ARC = YES;
				CLANG_WARN_BOOL_CONVERSION = YES;
				CLANG_WARN_CONSTANT_CONVERSION = YES;
				CLANG_WARN_DIRECT_OBJC_ISA_USAGE = YES_ERROR;
				CLANG_WARN_DOCUMENTATION_COMMENTS = YES;
				CLANG_WARN_EMPTY_BODY = YES;
				CLANG_WARN_ENUM_CONVERSION = YES;
				CLANG_WARN_INFINITE_RECURSION = YES;
				CLANG_WARN_INT_CONVERSION = YES;
				CLANG_WARN_OBJC_ROOT_CLASS = YES_ERROR;
				CLANG_WARN_SUSPICIOUS_MOVES = YES;
				CLANG_WARN_UNREACHABLE_CODE = YES;
				CLANG_WARN__DUPLICATE_METHOD_MATCH = YES;
				"CODE_SIGN_IDENTITY[sdk=iphoneos*]" = "iPhone Developer";
				COPY_PHASE_STRIP = NO;
				DEBUG_INFORMATION_FORMAT = "dwarf-with-dsym";
				ENABLE_NS_ASSERTIONS = NO;
				ENABLE_STRICT_OBJC_MSGSEND = YES;
				GCC_C_LANGUAGE_STANDARD = gnu99;
				GCC_NO_COMMON_BLOCKS = YES;
				GCC_WARN_64_TO_32_BIT_CONVERSION = YES;
				GCC_WARN_ABOUT_RETURN_TYPE = YES_ERROR;
				GCC_WARN_UNDECLARED_SELECTOR = YES;
				GCC_WARN_UNINITIALIZED_AUTOS = YES_AGGRESSIVE;
				GCC_WARN_UNUSED_FUNCTION = YES;
				GCC_WARN_UNUSED_VARIABLE = YES;
				IPHONEOS_DEPLOYMENT_TARGET = 10.0;
				MTL_ENABLE_DEBUG_INFO = NO;
				SDKROOT = iphoneos;
				SWIFT_OPTIMIZATION_LEVEL = "-Owholemodule";
				TARGETED_DEVICE_FAMILY = "1,2";
				VALIDATE_PRODUCT = YES;
			};
			name = Release;
		};
		4A0440761DC43D45007F6C61 /* Debug */ = {
			isa = XCBuildConfiguration;
			baseConfigurationReference = 51EC8435E9E8934DCF22EEB8 /* Pods-JPHACK_APP.debug.xcconfig */;
			buildSettings = {
				ASSETCATALOG_COMPILER_APPICON_NAME = AppIcon;
				DEVELOPMENT_TEAM = 64LEQXTB98;
				INFOPLIST_FILE = JPHACK_APP/Info.plist;
				IPHONEOS_DEPLOYMENT_TARGET = 10.0;
				LD_RUNPATH_SEARCH_PATHS = "$(inherited) @executable_path/Frameworks";
				PRODUCT_BUNDLE_IDENTIFIER = "jp.ac.fun.JPHACK-APP";
				PRODUCT_NAME = "$(TARGET_NAME)";
				SWIFT_OBJC_BRIDGING_HEADER = "$(SRCROOT)/$(PRODUCT)/JPHACK_APP/Bridging-Header.h";
				SWIFT_VERSION = 3.0;
			};
			name = Debug;
		};
		4A0440771DC43D45007F6C61 /* Release */ = {
			isa = XCBuildConfiguration;
			baseConfigurationReference = E7D5097D6676BBE301AD4E29 /* Pods-JPHACK_APP.release.xcconfig */;
			buildSettings = {
				ASSETCATALOG_COMPILER_APPICON_NAME = AppIcon;
				DEVELOPMENT_TEAM = 64LEQXTB98;
				INFOPLIST_FILE = JPHACK_APP/Info.plist;
				IPHONEOS_DEPLOYMENT_TARGET = 10.0;
				LD_RUNPATH_SEARCH_PATHS = "$(inherited) @executable_path/Frameworks";
				PRODUCT_BUNDLE_IDENTIFIER = "jp.ac.fun.JPHACK-APP";
				PRODUCT_NAME = "$(TARGET_NAME)";
				SWIFT_OBJC_BRIDGING_HEADER = "$(SRCROOT)/$(PRODUCT)/JPHACK_APP/Bridging-Header.h";
				SWIFT_VERSION = 3.0;
			};
			name = Release;
		};
/* End XCBuildConfiguration section */

/* Begin XCConfigurationList section */
		4A04405E1DC43D44007F6C61 /* Build configuration list for PBXProject "JPHACK_APP" */ = {
			isa = XCConfigurationList;
			buildConfigurations = (
				4A0440731DC43D45007F6C61 /* Debug */,
				4A0440741DC43D45007F6C61 /* Release */,
			);
			defaultConfigurationIsVisible = 0;
			defaultConfigurationName = Release;
		};
		4A0440751DC43D45007F6C61 /* Build configuration list for PBXNativeTarget "JPHACK_APP" */ = {
			isa = XCConfigurationList;
			buildConfigurations = (
				4A0440761DC43D45007F6C61 /* Debug */,
				4A0440771DC43D45007F6C61 /* Release */,
			);
			defaultConfigurationIsVisible = 0;
			defaultConfigurationName = Release;
		};
/* End XCConfigurationList section */
	};
	rootObject = 4A04405B1DC43D44007F6C61 /* Project object */;
}
